
Microsoft Visual Studio Solution File, Format Version 12.00
# Visual Studio Version 17
VisualStudioVersion = 17.14.36414.22
MinimumVisualStudioVersion = 10.0.40219.1
Project("{FAE04EC0-301F-11D3-BF4B-00C04F79EFBC}") = "ASSOOP1", "ASSOOP1\ASSOOP1.csproj", "{98F5F0ED-5655-4523-89B5-DF8EA992B5E0}"
EndProject
Project("{FAE04EC0-301F-11D3-BF4B-00C04F79EFBC}") = "Part1_ProceduralToOOP", "Part1_ProceduralToOOP\Part1_ProceduralToOOP.csproj", "{EF6872E6-7CE9-4E0E-B8E1-31B435CE3AE1}"
EndProject
Project("{FAE04EC0-301F-11D3-BF4B-00C04F79EFBC}") = "Part2_HotelReservationSystem", "Part2_HotelReservationSystem\Part2_HotelReservationSystem.csproj", "{6C4DFFA3-4D3B-4DC9-97B3-8BA93BA7F49B}"
EndProject
Global
	GlobalSection(SolutionConfigurationPlatforms) = preSolution
		Debug|Any CPU = Debug|Any CPU
		Release|Any CPU = Release|Any CPU
	EndGlobalSection
	GlobalSection(ProjectConfigurationPlatforms) = postSolution
		{98F5F0ED-5655-4523-89B5-DF8EA992B5E0}.Debug|Any CPU.ActiveCfg = Debug|Any CPU
		{98F5F0ED-5655-4523-89B5-DF8EA992B5E0}.Debug|Any CPU.Build.0 = Debug|Any CPU
		{98F5F0ED-5655-4523-89B5-DF8EA992B5E0}.Release|Any CPU.ActiveCfg = Release|Any CPU
		{98F5F0ED-5655-4523-89B5-DF8EA992B5E0}.Release|Any CPU.Build.0 = Release|Any CPU
		{EF6872E6-7CE9-4E0E-B8E1-31B435CE3AE1}.Debug|Any CPU.ActiveCfg = Debug|Any CPU
		{EF6872E6-7CE9-4E0E-B8E1-31B435CE3AE1}.Debug|Any CPU.Build.0 = Debug|Any CPU
		{EF6872E6-7CE9-4E0E-B8E1-31B435CE3AE1}.Release|Any CPU.ActiveCfg = Release|Any CPU
		{EF6872E6-7CE9-4E0E-B8E1-31B435CE3AE1}.Release|Any CPU.Build.0 = Release|Any CPU
		{6C4DFFA3-4D3B-4DC9-97B3-8BA93BA7F49B}.Debug|Any CPU.ActiveCfg = Debug|Any CPU
		{6C4DFFA3-4D3B-4DC9-97B3-8BA93BA7F49B}.Debug|Any CPU.Build.0 = Debug|Any CPU
		{6C4DFFA3-4D3B-4DC9-97B3-8BA93BA7F49B}.Release|Any CPU.ActiveCfg = Release|Any CPU
		{6C4DFFA3-4D3B-4DC9-97B3-8BA93BA7F49B}.Release|Any CPU.Build.0 = Release|Any CPU
	EndGlobalSection
	GlobalSection(SolutionProperties) = preSolution
		HideSolutionNode = FALSE
	EndGlobalSection
	GlobalSection(ExtensibilityGlobals) = postSolution
		SolutionGuid = {ED4ABFEA-5DD3-45C2-B666-A254F950482E}
	EndGlobalSection
EndGlobal
